
Microsoft Visual Studio Solution File, Format Version 12.00
# Visual Studio Version 17
VisualStudioVersion = 17.14.37203.1
MinimumVisualStudioVersion = 10.0.40219.1
Project("{2150E333-8FDC-42A3-9474-1A3956D46DE8}") = "Modelo", "Modelo", "{02EA681E-C7D8-13C7-8484-4AC65E1B71E8}"
EndProject
Project("{2150E333-8FDC-42A3-9474-1A3956D46DE8}") = "Vista", "Vista", "{AB144CF9-B103-4D25-8E27-D329D8F9BDCD}"
EndProject
Project("{FAE04EC0-301F-11D3-BF4B-00C04F79EFBC}") = "modeloss", "modeloss\modeloss.csproj", "{F5CD4ED1-9612-4B0D-A27B-342A322CB336}"
EndProject
Project("{FAE04EC0-301F-11D3-BF4B-00C04F79EFBC}") = "vistaa", "vistaa\vistaa.csproj", "{7D8F2668-DB64-4B7F-8C2B-EE96BDB05E84}"
EndProject
Global
	GlobalSection(SolutionConfigurationPlatforms) = preSolution
		Debug|Any CPU = Debug|Any CPU
		Release|Any CPU = Release|Any CPU
	EndGlobalSection
	GlobalSection(ProjectConfigurationPlatforms) = postSolution
		{F5CD4ED1-9612-4B0D-A27B-342A322CB336}.Debug|Any CPU.ActiveCfg = Debug|Any CPU
		{F5CD4ED1-9612-4B0D-A27B-342A322CB336}.Debug|Any CPU.Build.0 = Debug|Any CPU
		{F5CD4ED1-9612-4B0D-A27B-342A322CB336}.Release|Any CPU.ActiveCfg = Release|Any CPU
		{F5CD4ED1-9612-4B0D-A27B-342A322CB336}.Release|Any CPU.Build.0 = Release|Any CPU
		{7D8F2668-DB64-4B7F-8C2B-EE96BDB05E84}.Debug|Any CPU.ActiveCfg = Debug|Any CPU
		{7D8F2668-DB64-4B7F-8C2B-EE96BDB05E84}.Debug|Any CPU.Build.0 = Debug|Any CPU
		{7D8F2668-DB64-4B7F-8C2B-EE96BDB05E84}.Release|Any CPU.ActiveCfg = Release|Any CPU
		{7D8F2668-DB64-4B7F-8C2B-EE96BDB05E84}.Release|Any CPU.Build.0 = Release|Any CPU
	EndGlobalSection
	GlobalSection(SolutionProperties) = preSolution
		HideSolutionNode = FALSE
	EndGlobalSection
	GlobalSection(NestedProjects) = preSolution
		{F5CD4ED1-9612-4B0D-A27B-342A322CB336} = {02EA681E-C7D8-13C7-8484-4AC65E1B71E8}
		{7D8F2668-DB64-4B7F-8C2B-EE96BDB05E84} = {AB144CF9-B103-4D25-8E27-D329D8F9BDCD}
	EndGlobalSection
	GlobalSection(ExtensibilityGlobals) = postSolution
		SolutionGuid = {EBD9F340-453F-4094-A89E-E15234B3A828}
	EndGlobalSection
EndGlobal
